
Microsoft Visual Studio Solution File, Format Version 12.00
# Visual Studio 14
VisualStudioVersion = 14.0.25420.1
MinimumVisualStudioVersion = 10.0.40219.1
Project("{FAE04EC0-301F-11D3-BF4B-00C04F79EFBC}") = "LZL.Common", "LZL.Common\LZL.Common.csproj", "{B2FD46B4-EAFD-46D2-8AEA-28F33E4D4C33}"
EndProject
Project("{FAE04EC0-301F-11D3-BF4B-00C04F79EFBC}") = "Test", "Test\Test.csproj", "{C2C4F909-262F-4EA6-831D-6DFF3174EC1D}"
EndProject
Project("{FAE04EC0-301F-11D3-BF4B-00C04F79EFBC}") = "MyIBLL", "MyIBLL\MyIBLL.csproj", "{D4224BEC-BEEB-4578-870B-B226BE2B8CB7}"
EndProject
Project("{FAE04EC0-301F-11D3-BF4B-00C04F79EFBC}") = "MyBllImpl", "MyBllImpl\MyBllImpl.csproj", "{7AFB4395-44CE-41A0-9065-49506A54576F}"
EndProject
Project("{2150E333-8FDC-42A3-9474-1A3956D46DE8}") = "tests", "tests", "{970EA2AB-D9F7-4FC2-9008-864F4232828E}"
EndProject
Project("{FAE04EC0-301F-11D3-BF4B-00C04F79EFBC}") = "WebApplication1", "WebApplication1\WebApplication1.csproj", "{3AA203E6-33B6-41F1-93AB-CD662DA5F7F9}"
EndProject
Project("{FAE04EC0-301F-11D3-BF4B-00C04F79EFBC}") = "TestService", "TestService\TestService.csproj", "{AF1D25E4-7AAB-4315-8E81-71ACDDF48982}"
EndProject
Project("{FAE04EC0-301F-11D3-BF4B-00C04F79EFBC}") = "TestServiceImpl", "TestServiceImpl\TestServiceImpl.csproj", "{A50255B7-43E1-4EB6-A721-7BC2ED4A5880}"
EndProject
Project("{FAE04EC0-301F-11D3-BF4B-00C04F79EFBC}") = "ZSZ.CommonMVC", "ZSZ.CommonMVC\ZSZ.CommonMVC.csproj", "{719F6820-3824-4694-95C6-8E6FFDC4FEA5}"
EndProject
Project("{FAE04EC0-301F-11D3-BF4B-00C04F79EFBC}") = "ZSZ.Service", "ZSZService\ZSZ.Service.csproj", "{DE5E3BDF-683A-4658-AF0A-0740BFFB963B}"
EndProject
Project("{FAE04EC0-301F-11D3-BF4B-00C04F79EFBC}") = "ZSZ.IService", "ZSZ.IService\ZSZ.IService.csproj", "{232739C8-5481-48E6-8146-280069D742E0}"
EndProject
Project("{FAE04EC0-301F-11D3-BF4B-00C04F79EFBC}") = "ZSZ.DTO", "ZSZ.DTO\ZSZ.DTO.csproj", "{A64FC809-576F-4491-B7F5-26700DF99BFB}"
EndProject
Project("{FAE04EC0-301F-11D3-BF4B-00C04F79EFBC}") = "ZSZ.AdminWeb", "ZSZ.AdminWeb\ZSZ.AdminWeb.csproj", "{1C011D7D-0F20-4B9E-A33B-BBB8E2DE6022}"
EndProject
Project("{FAE04EC0-301F-11D3-BF4B-00C04F79EFBC}") = "ZSZ.FrontWeb", "ZSZ.FrontWeb\ZSZ.FrontWeb.csproj", "{2E925EEB-0115-4B54-BF88-684DAF869931}"
EndProject
Project("{FAE04EC0-301F-11D3-BF4B-00C04F79EFBC}") = "ServieTest", "ServieTest\ServieTest.csproj", "{1C691E82-A832-4A40-906A-7D099A114D7D}"
EndProject
Project("{FAE04EC0-301F-11D3-BF4B-00C04F79EFBC}") = "ConsoleApplication1", "ConsoleApplication1\ConsoleApplication1.csproj", "{9473F898-A36E-40B4-8BFE-66C24B492A26}"
EndProject
Global
	GlobalSection(SolutionConfigurationPlatforms) = preSolution
		Debug|Any CPU = Debug|Any CPU
		Release|Any CPU = Release|Any CPU
	EndGlobalSection
	GlobalSection(ProjectConfigurationPlatforms) = postSolution
		{B2FD46B4-EAFD-46D2-8AEA-28F33E4D4C33}.Debug|Any CPU.ActiveCfg = Debug|Any CPU
		{B2FD46B4-EAFD-46D2-8AEA-28F33E4D4C33}.Debug|Any CPU.Build.0 = Debug|Any CPU
		{B2FD46B4-EAFD-46D2-8AEA-28F33E4D4C33}.Release|Any CPU.ActiveCfg = Release|Any CPU
		{B2FD46B4-EAFD-46D2-8AEA-28F33E4D4C33}.Release|Any CPU.Build.0 = Release|Any CPU
		{C2C4F909-262F-4EA6-831D-6DFF3174EC1D}.Debug|Any CPU.ActiveCfg = Debug|Any CPU
		{C2C4F909-262F-4EA6-831D-6DFF3174EC1D}.Debug|Any CPU.Build.0 = Debug|Any CPU
		{C2C4F909-262F-4EA6-831D-6DFF3174EC1D}.Release|Any CPU.ActiveCfg = Release|Any CPU
		{C2C4F909-262F-4EA6-831D-6DFF3174EC1D}.Release|Any CPU.Build.0 = Release|Any CPU
		{D4224BEC-BEEB-4578-870B-B226BE2B8CB7}.Debug|Any CPU.ActiveCfg = Debug|Any CPU
		{D4224BEC-BEEB-4578-870B-B226BE2B8CB7}.Debug|Any CPU.Build.0 = Debug|Any CPU
		{D4224BEC-BEEB-4578-870B-B226BE2B8CB7}.Release|Any CPU.ActiveCfg = Release|Any CPU
		{D4224BEC-BEEB-4578-870B-B226BE2B8CB7}.Release|Any CPU.Build.0 = Release|Any CPU
		{7AFB4395-44CE-41A0-9065-49506A54576F}.Debug|Any CPU.ActiveCfg = Debug|Any CPU
		{7AFB4395-44CE-41A0-9065-49506A54576F}.Debug|Any CPU.Build.0 = Debug|Any CPU
		{7AFB4395-44CE-41A0-9065-49506A54576F}.Release|Any CPU.ActiveCfg = Release|Any CPU
		{7AFB4395-44CE-41A0-9065-49506A54576F}.Release|Any CPU.Build.0 = Release|Any CPU
		{3AA203E6-33B6-41F1-93AB-CD662DA5F7F9}.Debug|Any CPU.ActiveCfg = Debug|Any CPU
		{3AA203E6-33B6-41F1-93AB-CD662DA5F7F9}.Debug|Any CPU.Build.0 = Debug|Any CPU
		{3AA203E6-33B6-41F1-93AB-CD662DA5F7F9}.Release|Any CPU.ActiveCfg = Release|Any CPU
		{3AA203E6-33B6-41F1-93AB-CD662DA5F7F9}.Release|Any CPU.Build.0 = Release|Any CPU
		{AF1D25E4-7AAB-4315-8E81-71ACDDF48982}.Debug|Any CPU.ActiveCfg = Debug|Any CPU
		{AF1D25E4-7AAB-4315-8E81-71ACDDF48982}.Debug|Any CPU.Build.0 = Debug|Any CPU
		{AF1D25E4-7AAB-4315-8E81-71ACDDF48982}.Release|Any CPU.ActiveCfg = Release|Any CPU
		{AF1D25E4-7AAB-4315-8E81-71ACDDF48982}.Release|Any CPU.Build.0 = Release|Any CPU
		{A50255B7-43E1-4EB6-A721-7BC2ED4A5880}.Debug|Any CPU.ActiveCfg = Debug|Any CPU
		{A50255B7-43E1-4EB6-A721-7BC2ED4A5880}.Debug|Any CPU.Build.0 = Debug|Any CPU
		{A50255B7-43E1-4EB6-A721-7BC2ED4A5880}.Release|Any CPU.ActiveCfg = Release|Any CPU
		{A50255B7-43E1-4EB6-A721-7BC2ED4A5880}.Release|Any CPU.Build.0 = Release|Any CPU
		{719F6820-3824-4694-95C6-8E6FFDC4FEA5}.Debug|Any CPU.ActiveCfg = Debug|Any CPU
		{719F6820-3824-4694-95C6-8E6FFDC4FEA5}.Debug|Any CPU.Build.0 = Debug|Any CPU
		{719F6820-3824-4694-95C6-8E6FFDC4FEA5}.Release|Any CPU.ActiveCfg = Release|Any CPU
		{719F6820-3824-4694-95C6-8E6FFDC4FEA5}.Release|Any CPU.Build.0 = Release|Any CPU
		{DE5E3BDF-683A-4658-AF0A-0740BFFB963B}.Debug|Any CPU.ActiveCfg = Debug|Any CPU
		{DE5E3BDF-683A-4658-AF0A-0740BFFB963B}.Debug|Any CPU.Build.0 = Debug|Any CPU
		{DE5E3BDF-683A-4658-AF0A-0740BFFB963B}.Release|Any CPU.ActiveCfg = Release|Any CPU
		{DE5E3BDF-683A-4658-AF0A-0740BFFB963B}.Release|Any CPU.Build.0 = Release|Any CPU
		{232739C8-5481-48E6-8146-280069D742E0}.Debug|Any CPU.ActiveCfg = Debug|Any CPU
		{232739C8-5481-48E6-8146-280069D742E0}.Debug|Any CPU.Build.0 = Debug|Any CPU
		{232739C8-5481-48E6-8146-280069D742E0}.Release|Any CPU.ActiveCfg = Release|Any CPU
		{232739C8-5481-48E6-8146-280069D742E0}.Release|Any CPU.Build.0 = Release|Any CPU
		{A64FC809-576F-4491-B7F5-26700DF99BFB}.Debug|Any CPU.ActiveCfg = Debug|Any CPU
		{A64FC809-576F-4491-B7F5-26700DF99BFB}.Debug|Any CPU.Build.0 = Debug|Any CPU
		{A64FC809-576F-4491-B7F5-26700DF99BFB}.Release|Any CPU.ActiveCfg = Release|Any CPU
		{A64FC809-576F-4491-B7F5-26700DF99BFB}.Release|Any CPU.Build.0 = Release|Any CPU
		{1C011D7D-0F20-4B9E-A33B-BBB8E2DE6022}.Debug|Any CPU.ActiveCfg = Debug|Any CPU
		{1C011D7D-0F20-4B9E-A33B-BBB8E2DE6022}.Debug|Any CPU.Build.0 = Debug|Any CPU
		{1C011D7D-0F20-4B9E-A33B-BBB8E2DE6022}.Release|Any CPU.ActiveCfg = Release|Any CPU
		{1C011D7D-0F20-4B9E-A33B-BBB8E2DE6022}.Release|Any CPU.Build.0 = Release|Any CPU
		{2E925EEB-0115-4B54-BF88-684DAF869931}.Debug|Any CPU.ActiveCfg = Debug|Any CPU
		{2E925EEB-0115-4B54-BF88-684DAF869931}.Debug|Any CPU.Build.0 = Debug|Any CPU
		{2E925EEB-0115-4B54-BF88-684DAF869931}.Release|Any CPU.ActiveCfg = Release|Any CPU
		{2E925EEB-0115-4B54-BF88-684DAF869931}.Release|Any CPU.Build.0 = Release|Any CPU
		{1C691E82-A832-4A40-906A-7D099A114D7D}.Debug|Any CPU.ActiveCfg = Debug|Any CPU
		{1C691E82-A832-4A40-906A-7D099A114D7D}.Debug|Any CPU.Build.0 = Debug|Any CPU
		{1C691E82-A832-4A40-906A-7D099A114D7D}.Release|Any CPU.ActiveCfg = Release|Any CPU
		{1C691E82-A832-4A40-906A-7D099A114D7D}.Release|Any CPU.Build.0 = Release|Any CPU
		{9473F898-A36E-40B4-8BFE-66C24B492A26}.Debug|Any CPU.ActiveCfg = Debug|Any CPU
		{9473F898-A36E-40B4-8BFE-66C24B492A26}.Debug|Any CPU.Build.0 = Debug|Any CPU
		{9473F898-A36E-40B4-8BFE-66C24B492A26}.Release|Any CPU.ActiveCfg = Release|Any CPU
		{9473F898-A36E-40B4-8BFE-66C24B492A26}.Release|Any CPU.Build.0 = Release|Any CPU
	EndGlobalSection
	GlobalSection(SolutionProperties) = preSolution
		HideSolutionNode = FALSE
	EndGlobalSection
	GlobalSection(NestedProjects) = preSolution
		{3AA203E6-33B6-41F1-93AB-CD662DA5F7F9} = {970EA2AB-D9F7-4FC2-9008-864F4232828E}
		{AF1D25E4-7AAB-4315-8E81-71ACDDF48982} = {970EA2AB-D9F7-4FC2-9008-864F4232828E}
		{A50255B7-43E1-4EB6-A721-7BC2ED4A5880} = {970EA2AB-D9F7-4FC2-9008-864F4232828E}
		{1C691E82-A832-4A40-906A-7D099A114D7D} = {970EA2AB-D9F7-4FC2-9008-864F4232828E}
		{9473F898-A36E-40B4-8BFE-66C24B492A26} = {970EA2AB-D9F7-4FC2-9008-864F4232828E}
	EndGlobalSection
EndGlobal
